# THIS IS AN AUTOGENERATED FILE. DO NOT EDIT THIS FILE DIRECTLY.
# yarn lockfile v1


"@sinonjs/commons@^1", "@sinonjs/commons@^1.3.0", "@sinonjs/commons@^1.7.0":
  "version" "1.8.1"
  dependencies:
    "type-detect" "4.0.8"

"@sinonjs/formatio@^2.0.0":
  "version" "2.0.0"
  dependencies:
    "samsam" "1.3.0"

"@sinonjs/formatio@^3.2.1":
  "version" "3.2.2"
  dependencies:
    "@sinonjs/commons" "^1"
    "@sinonjs/samsam" "^3.1.0"

"@sinonjs/samsam@^3.1.0":
  "version" "3.3.3"
  dependencies:
    "@sinonjs/commons" "^1.3.0"
    "array-from" "^2.1.1"
    "lodash" "^4.17.15"

"@sinonjs/text-encoding@^0.7.1":
  "version" "0.7.1"

"abbrev@1":
  "resolved" "https://registry.yarnpkg.com/abbrev/-/abbrev-1.1.0.tgz"
  "version" "1.1.0"

"accepts@^1.2.2":
  "resolved" "https://registry.yarnpkg.com/accepts/-/accepts-1.3.3.tgz"
  "version" "1.3.3"
  dependencies:
    "mime-types" "~2.1.11"
    "negotiator" "0.6.1"

"ajv@^6.12.3":
  "version" "6.12.6"
  dependencies:
    "fast-deep-equal" "^3.1.1"
    "fast-json-stable-stringify" "^2.0.0"
    "json-schema-traverse" "^0.4.1"
    "uri-js" "^4.2.2"

"ansi-regex@^2.0.0":
  "resolved" "https://registry.yarnpkg.com/ansi-regex/-/ansi-regex-2.1.1.tgz"
  "version" "2.1.1"

"ansi-styles@^2.2.1":
  "resolved" "https://registry.yarnpkg.com/ansi-styles/-/ansi-styles-2.2.1.tgz"
  "version" "2.2.1"

"any-promise@^1.0.0", "any-promise@^1.1.0":
  "resolved" "https://registry.yarnpkg.com/any-promise/-/any-promise-1.3.0.tgz"
  "version" "1.3.0"

"aproba@^1.0.3":
  "resolved" "https://registry.yarnpkg.com/aproba/-/aproba-1.1.2.tgz"
  "version" "1.1.2"

"are-we-there-yet@~1.1.2":
  "resolved" "https://registry.yarnpkg.com/are-we-there-yet/-/are-we-there-yet-1.1.4.tgz"
  "version" "1.1.4"
  dependencies:
    "delegates" "^1.0.0"
    "readable-stream" "^2.0.6"

"array-from@^2.1.1":
  "version" "2.1.1"

"asap@~2.0.3":
  "resolved" "https://registry.yarnpkg.com/asap/-/asap-2.0.6.tgz"
  "version" "2.0.6"

"asn1@~0.2.3":
  "resolved" "https://registry.yarnpkg.com/asn1/-/asn1-0.2.3.tgz"
  "version" "0.2.3"

"assert-plus@^1.0.0", "assert-plus@1.0.0":
  "resolved" "https://registry.yarnpkg.com/assert-plus/-/assert-plus-1.0.0.tgz"
  "version" "1.0.0"

"assertion-error@^1.1.0":
  "version" "1.1.0"

"async-limiter@~1.0.0":
  "version" "1.0.1"

"async@~0.1.22":

"async@2.1.2":
  "resolved" "https://registry.yarnpkg.com/async/-/async-2.1.2.tgz"
  "version" "2.1.2"
  dependencies:
    "lodash" "^4.14.0"

"asynckit@^0.4.0":
  "resolved" "https://registry.yarnpkg.com/asynckit/-/asynckit-0.4.0.tgz"
  "version" "0.4.0"

"aws-sign2@~0.7.0":
  "version" "0.7.0"

"aws4@^1.8.0":
  "version" "1.11.0"

"balanced-match@^1.0.0":
  "resolved" "https://registry.yarnpkg.com/balanced-match/-/balanced-match-1.0.0.tgz"
  "version" "1.0.0"

"bcrypt-pbkdf@^1.0.0":
  "resolved" "https://registry.yarnpkg.com/bcrypt-pbkdf/-/bcrypt-pbkdf-1.0.1.tgz"
  "version" "1.0.1"
  dependencies:
    "tweetnacl" "^0.14.3"

"bitfinex-api-node@^1.2.1":
  "version" "1.2.1"
  dependencies:
    "debug" "^2.2.0"
    "lodash" "^4.17.4"
    "request" "^2.67.0"
    "request-promise" "^4.2.0"
    "ws" "^3.0.0"

"bluebird@^3.4.0", "bluebird@^3.5.0":
  "resolved" "https://registry.yarnpkg.com/bluebird/-/bluebird-3.5.0.tgz"
  "version" "3.5.0"

"brace-expansion@^1.1.7":
  "resolved" "https://registry.yarnpkg.com/brace-expansion/-/brace-expansion-1.1.8.tgz"
  "version" "1.1.8"
  dependencies:
    "balanced-match" "^1.0.0"
    "concat-map" "0.0.1"

"browser-stdout@1.3.1":
  "version" "1.3.1"

"bytes@1":
  "resolved" "https://registry.yarnpkg.com/bytes/-/bytes-1.0.0.tgz"
  "version" "1.0.0"

"bytes@2.5.0":
  "resolved" "https://registry.yarnpkg.com/bytes/-/bytes-2.5.0.tgz"
  "version" "2.5.0"

"caseless@~0.12.0":
  "resolved" "https://registry.yarnpkg.com/caseless/-/caseless-0.12.0.tgz"
  "version" "0.12.0"

"chai@^4.1.2":
  "version" "4.2.0"
  dependencies:
    "assertion-error" "^1.1.0"
    "check-error" "^1.0.2"
    "deep-eql" "^3.0.1"
    "get-func-name" "^2.0.0"
    "pathval" "^1.1.0"
    "type-detect" "^4.0.5"

"chalk@^1.1.3":
  "resolved" "https://registry.yarnpkg.com/chalk/-/chalk-1.1.3.tgz"
  "version" "1.1.3"
  dependencies:
    "ansi-styles" "^2.2.1"
    "escape-string-regexp" "^1.0.2"
    "has-ansi" "^2.0.0"
    "strip-ansi" "^3.0.0"
    "supports-color" "^2.0.0"

"check-error@^1.0.2":
  "version" "1.0.2"

"chownr@^1.1.1":
  "version" "1.1.4"

"co-body@^5.1.0":
  "resolved" "https://registry.yarnpkg.com/co-body/-/co-body-5.1.1.tgz"
  "version" "5.1.1"
  dependencies:
    "inflation" "^2.0.0"
    "qs" "^6.4.0"
    "raw-body" "^2.2.0"
    "type-is" "^1.6.14"

"co-from-stream@0.0.0":
  "resolved" "https://registry.yarnpkg.com/co-from-stream/-/co-from-stream-0.0.0.tgz"
  "version" "0.0.0"
  dependencies:
    "co-read" "0.0.1"

"co-fs@^1.2.0":
  "resolved" "https://registry.yarnpkg.com/co-fs/-/co-fs-1.2.0.tgz"
  "version" "1.2.0"
  dependencies:
    "co-from-stream" "0.0.0"
    "thunkify" "0.0.1"

"co-read@0.0.1":
  "resolved" "https://registry.yarnpkg.com/co-read/-/co-read-0.0.1.tgz"
  "version" "0.0.1"

"co@^4.0.2", "co@^4.4.0", "co@^4.6.0":
  "resolved" "https://registry.yarnpkg.com/co/-/co-4.6.0.tgz"
  "version" "4.6.0"

"code-point-at@^1.0.0":
  "resolved" "https://registry.yarnpkg.com/code-point-at/-/code-point-at-1.1.0.tgz"
  "version" "1.1.0"

"colors@0.6.x":
  "resolved" "https://registry.yarnpkg.com/colors/-/colors-0.6.2.tgz"
  "version" "0.6.2"

"combined-stream@^1.0.6", "combined-stream@~1.0.6":
  "version" "1.0.8"
  dependencies:
    "delayed-stream" "~1.0.0"

"commander@^2.13.0":
  "version" "2.20.3"

"commander@2.15.1":
  "version" "2.15.1"

"composition@^2.1.1":
  "resolved" "https://registry.yarnpkg.com/composition/-/composition-2.3.0.tgz"
  "version" "2.3.0"
  dependencies:
    "any-promise" "^1.1.0"
    "co" "^4.0.2"

"concat-map@0.0.1":
  "resolved" "https://registry.yarnpkg.com/concat-map/-/concat-map-0.0.1.tgz"
  "version" "0.0.1"

"console-control-strings@^1.0.0", "console-control-strings@~1.1.0":
  "resolved" "https://registry.yarnpkg.com/console-control-strings/-/console-control-strings-1.1.0.tgz"
  "version" "1.1.0"

"content-disposition@~0.5.0":
  "resolved" "https://registry.yarnpkg.com/content-disposition/-/content-disposition-0.5.2.tgz"
  "version" "0.5.2"

"content-type@^1.0.0":
  "resolved" "https://registry.yarnpkg.com/content-type/-/content-type-1.0.2.tgz"
  "version" "1.0.2"

"cookies@~0.7.0":
  "resolved" "https://registry.yarnpkg.com/cookies/-/cookies-0.7.0.tgz"
  "version" "0.7.0"
  dependencies:
    "depd" "~1.1.0"
    "keygrip" "~1.0.1"

"copy-to@^2.0.1":
  "resolved" "https://registry.yarnpkg.com/copy-to/-/copy-to-2.0.1.tgz"
  "version" "2.0.1"

"core-util-is@~1.0.0", "core-util-is@1.0.2":
  "resolved" "https://registry.yarnpkg.com/core-util-is/-/core-util-is-1.0.2.tgz"
  "version" "1.0.2"

"dashdash@^1.12.0":
  "resolved" "https://registry.yarnpkg.com/dashdash/-/dashdash-1.14.1.tgz"
  "version" "1.14.1"
  dependencies:
    "assert-plus" "^1.0.0"

"debug@*", "debug@^2.2.0", "debug@^2.6.0":
  "resolved" "https://registry.yarnpkg.com/debug/-/debug-2.6.8.tgz"
  "version" "2.6.8"
  dependencies:
    "ms" "2.0.0"

"debug@^3.2.6":
  "version" "3.2.7"
  dependencies:
    "ms" "^2.1.1"

"debug@3.1.0":
  "version" "3.1.0"
  dependencies:
    "ms" "2.0.0"

"deep-eql@^3.0.1":
  "version" "3.0.1"
  dependencies:
    "type-detect" "^4.0.0"

"deep-equal@~1.0.1":
  "resolved" "https://registry.yarnpkg.com/deep-equal/-/deep-equal-1.0.1.tgz"
  "version" "1.0.1"

"deep-extend@^0.6.0":
  "version" "0.6.0"

"delayed-stream@~1.0.0":
  "resolved" "https://registry.yarnpkg.com/delayed-stream/-/delayed-stream-1.0.0.tgz"
  "version" "1.0.0"

"delegates@^1.0.0":
  "resolved" "https://registry.yarnpkg.com/delegates/-/delegates-1.0.0.tgz"
  "version" "1.0.0"

"depd@~1.1.0", "depd@1.1.1":
  "resolved" "https://registry.yarnpkg.com/depd/-/depd-1.1.1.tgz"
  "version" "1.1.1"

"depd@1.1.0":
  "resolved" "https://registry.yarnpkg.com/depd/-/depd-1.1.0.tgz"
  "version" "1.1.0"

"destroy@^1.0.3":
  "resolved" "https://registry.yarnpkg.com/destroy/-/destroy-1.0.4.tgz"
  "version" "1.0.4"

"detect-libc@^1.0.2":
  "version" "1.0.3"

"diff@^3.1.0", "diff@3.5.0":
  "version" "3.5.0"

"ecc-jsbn@~0.1.1":
  "resolved" "https://registry.yarnpkg.com/ecc-jsbn/-/ecc-jsbn-0.1.1.tgz"
  "version" "0.1.1"
  dependencies:
    "jsbn" "~0.1.0"

"ee-first@1.1.1":
  "resolved" "https://registry.yarnpkg.com/ee-first/-/ee-first-1.1.1.tgz"
  "version" "1.1.1"

"error-inject@~1.0.0":
  "resolved" "https://registry.yarnpkg.com/error-inject/-/error-inject-1.0.0.tgz"
  "version" "1.0.0"

"escape-html@~1.0.1":
  "resolved" "https://registry.yarnpkg.com/escape-html/-/escape-html-1.0.3.tgz"
  "version" "1.0.3"

"escape-string-regexp@^1.0.2", "escape-string-regexp@1.0.5":
  "version" "1.0.5"

"eventemitter2@^2.0.0":
  "resolved" "https://registry.yarnpkg.com/eventemitter2/-/eventemitter2-2.2.2.tgz"
  "version" "2.2.2"

"extend@~3.0.2":
  "version" "3.0.2"

"extsprintf@^1.2.0", "extsprintf@1.3.0":
  "resolved" "https://registry.yarnpkg.com/extsprintf/-/extsprintf-1.3.0.tgz"
  "version" "1.3.0"

"fast-deep-equal@^3.1.1":
  "version" "3.1.3"

"fast-json-stable-stringify@^2.0.0":
  "version" "2.1.0"

"fill-keys@^1.0.2":
  "resolved" "https://registry.yarnpkg.com/fill-keys/-/fill-keys-1.0.2.tgz"
  "version" "1.0.2"
  dependencies:
    "is-object" "~1.0.1"
    "merge-descriptors" "~1.0.0"

"forever-agent@~0.6.1":
  "resolved" "https://registry.yarnpkg.com/forever-agent/-/forever-agent-0.6.1.tgz"
  "version" "0.6.1"

"form-data@~2.3.2":
  "version" "2.3.3"
  dependencies:
    "asynckit" "^0.4.0"
    "combined-stream" "^1.0.6"
    "mime-types" "^2.1.12"

"fresh@^0.3.0":
  "resolved" "https://registry.yarnpkg.com/fresh/-/fresh-0.3.0.tgz"
  "version" "0.3.0"

"fs-minipass@^1.2.5":
  "version" "1.2.7"
  dependencies:
    "minipass" "^2.6.0"

"fs.realpath@^1.0.0":
  "resolved" "https://registry.yarnpkg.com/fs.realpath/-/fs.realpath-1.0.0.tgz"
  "version" "1.0.0"

"gauge@~2.7.3":
  "resolved" "https://registry.yarnpkg.com/gauge/-/gauge-2.7.4.tgz"
  "version" "2.7.4"
  dependencies:
    "aproba" "^1.0.3"
    "console-control-strings" "^1.0.0"
    "has-unicode" "^2.0.0"
    "object-assign" "^4.1.0"
    "signal-exit" "^3.0.0"
    "string-width" "^1.0.1"
    "strip-ansi" "^3.0.1"
    "wide-align" "^1.1.0"

"gekko@0.0.9":
  "resolved" "https://registry.yarnpkg.com/gekko/-/gekko-0.0.9.tgz"
  "version" "0.0.9"

"get-func-name@^2.0.0":
  "version" "2.0.0"

"getpass@^0.1.1":
  "resolved" "https://registry.yarnpkg.com/getpass/-/getpass-0.1.7.tgz"
  "version" "0.1.7"
  dependencies:
    "assert-plus" "^1.0.0"

"glob@^7.0.5", "glob@7.1.2":
  "resolved" "https://registry.yarnpkg.com/glob/-/glob-7.1.2.tgz"
  "version" "7.1.2"
  dependencies:
    "fs.realpath" "^1.0.0"
    "inflight" "^1.0.4"
    "inherits" "2"
    "minimatch" "^3.0.4"
    "once" "^1.3.0"
    "path-is-absolute" "^1.0.0"

"growl@1.10.5":
  "version" "1.10.5"

"har-schema@^2.0.0":
  "version" "2.0.0"

"har-validator@~5.1.3":
  "version" "5.1.5"
  dependencies:
    "ajv" "^6.12.3"
    "har-schema" "^2.0.0"

"has-ansi@^2.0.0":
  "resolved" "https://registry.yarnpkg.com/has-ansi/-/has-ansi-2.0.0.tgz"
  "version" "2.0.0"
  dependencies:
    "ansi-regex" "^2.0.0"

"has-flag@^3.0.0":
  "version" "3.0.0"

"has-unicode@^2.0.0":
  "resolved" "https://registry.yarnpkg.com/has-unicode/-/has-unicode-2.0.1.tgz"
  "version" "2.0.1"

"he@1.1.1":
  "version" "1.1.1"

"http-assert@^1.1.0":
  "resolved" "https://registry.yarnpkg.com/http-assert/-/http-assert-1.3.0.tgz"
  "version" "1.3.0"
  dependencies:
    "deep-equal" "~1.0.1"
    "http-errors" "~1.6.1"

"http-errors@^1.2.8", "http-errors@^1.3.1", "http-errors@~1.6.1":
  "resolved" "https://registry.yarnpkg.com/http-errors/-/http-errors-1.6.2.tgz"
  "version" "1.6.2"
  dependencies:
    "depd" "1.1.1"
    "inherits" "2.0.3"
    "setprototypeof" "1.0.3"
    "statuses" ">= 1.3.1 < 2"

"http-errors@~1.5.0":
  "resolved" "https://registry.yarnpkg.com/http-errors/-/http-errors-1.5.1.tgz"
  "version" "1.5.1"
  dependencies:
    "inherits" "2.0.3"
    "setprototypeof" "1.0.2"
    "statuses" ">= 1.3.1 < 2"

"http-errors@1.6.1":
  "resolved" "https://registry.yarnpkg.com/http-errors/-/http-errors-1.6.1.tgz"
  "version" "1.6.1"
  dependencies:
    "depd" "1.1.0"
    "inherits" "2.0.3"
    "setprototypeof" "1.0.3"
    "statuses" ">= 1.3.1 < 2"

"http-signature@~1.2.0":
  "version" "1.2.0"
  dependencies:
    "assert-plus" "^1.0.0"
    "jsprim" "^1.2.2"
    "sshpk" "^1.7.0"

"humanize-duration@^3.10.0":
  "resolved" "https://registry.yarnpkg.com/humanize-duration/-/humanize-duration-3.10.1.tgz"
  "version" "3.10.1"

"humanize-number@0.0.2":
  "resolved" "https://registry.yarnpkg.com/humanize-number/-/humanize-number-0.0.2.tgz"
  "version" "0.0.2"

"iconv-lite@^0.4.4", "iconv-lite@0.4.18":
  "resolved" "https://registry.yarnpkg.com/iconv-lite/-/iconv-lite-0.4.18.tgz"
  "version" "0.4.18"

"ignore-walk@^3.0.1":
  "version" "3.0.3"
  dependencies:
    "minimatch" "^3.0.4"

"inflation@^2.0.0":
  "resolved" "https://registry.yarnpkg.com/inflation/-/inflation-2.0.0.tgz"
  "version" "2.0.0"

"inflight@^1.0.4":
  "resolved" "https://registry.yarnpkg.com/inflight/-/inflight-1.0.6.tgz"
  "version" "1.0.6"
  dependencies:
    "once" "^1.3.0"
    "wrappy" "1"

"inherits@~2.0.3", "inherits@2", "inherits@2.0.3":
  "resolved" "https://registry.yarnpkg.com/inherits/-/inherits-2.0.3.tgz"
  "version" "2.0.3"

"ini@~1.3.0":
  "resolved" "https://registry.yarnpkg.com/ini/-/ini-1.3.4.tgz"
  "version" "1.3.4"

"ipcee@^1.0.6":
  "resolved" "https://registry.yarnpkg.com/ipcee/-/ipcee-1.0.6.tgz"
  "version" "1.0.6"
  dependencies:
    "debug" "^2.2.0"
    "eventemitter2" "^2.0.0"

"is-fullwidth-code-point@^1.0.0":
  "resolved" "https://registry.yarnpkg.com/is-fullwidth-code-point/-/is-fullwidth-code-point-1.0.0.tgz"
  "version" "1.0.0"
  dependencies:
    "number-is-nan" "^1.0.0"

"is-object@~1.0.1":
  "resolved" "https://registry.yarnpkg.com/is-object/-/is-object-1.0.1.tgz"
  "version" "1.0.1"

"is-typedarray@~1.0.0":
  "resolved" "https://registry.yarnpkg.com/is-typedarray/-/is-typedarray-1.0.0.tgz"
  "version" "1.0.0"

"isarray@~1.0.0":
  "resolved" "https://registry.yarnpkg.com/isarray/-/isarray-1.0.0.tgz"
  "version" "1.0.0"

"isarray@0.0.1":
  "resolved" "https://registry.yarnpkg.com/isarray/-/isarray-0.0.1.tgz"
  "version" "0.0.1"

"isnumber@~1.0.0":
  "resolved" "https://registry.yarnpkg.com/isnumber/-/isnumber-1.0.0.tgz"
  "version" "1.0.0"

"isstream@~0.1.2":
  "resolved" "https://registry.yarnpkg.com/isstream/-/isstream-0.1.2.tgz"
  "version" "0.1.2"

"jsbn@~0.1.0":
  "resolved" "https://registry.yarnpkg.com/jsbn/-/jsbn-0.1.1.tgz"
  "version" "0.1.1"

"json-schema-traverse@^0.4.1":
  "version" "0.4.1"

"json-schema@0.2.3":
  "resolved" "https://registry.yarnpkg.com/json-schema/-/json-schema-0.2.3.tgz"
  "version" "0.2.3"

"json-stringify-safe@~5.0.1":
  "resolved" "https://registry.yarnpkg.com/json-stringify-safe/-/json-stringify-safe-5.0.1.tgz"
  "version" "5.0.1"

"jsprim@^1.2.2":
  "resolved" "https://registry.yarnpkg.com/jsprim/-/jsprim-1.4.1.tgz"
  "version" "1.4.1"
  dependencies:
    "assert-plus" "1.0.0"
    "extsprintf" "1.3.0"
    "json-schema" "0.2.3"
    "verror" "1.10.0"

"just-extend@^4.0.2":
  "version" "4.1.1"

"keygrip@~1.0.1":
  "resolved" "https://registry.yarnpkg.com/keygrip/-/keygrip-1.0.1.tgz"
  "version" "1.0.1"

"koa-bodyparser@^2.2.0":
  "resolved" "https://registry.yarnpkg.com/koa-bodyparser/-/koa-bodyparser-2.5.0.tgz"
  "version" "2.5.0"
  dependencies:
    "co-body" "^5.1.0"
    "copy-to" "^2.0.1"

"koa-compose@^2.3.0":
  "resolved" "https://registry.yarnpkg.com/koa-compose/-/koa-compose-2.5.1.tgz"
  "version" "2.5.1"

"koa-cors@0.0.16":
  "resolved" "https://registry.yarnpkg.com/koa-cors/-/koa-cors-0.0.16.tgz"
  "version" "0.0.16"

"koa-is-json@^1.0.0":
  "resolved" "https://registry.yarnpkg.com/koa-is-json/-/koa-is-json-1.0.0.tgz"
  "version" "1.0.0"

"koa-logger@^1.3.0":
  "resolved" "https://registry.yarnpkg.com/koa-logger/-/koa-logger-1.3.1.tgz"
  "version" "1.3.1"
  dependencies:
    "bytes" "1"
    "chalk" "^1.1.3"
    "humanize-number" "0.0.2"
    "passthrough-counter" "^1.0.0"

"koa-router@^5.4.0":
  "resolved" "https://registry.yarnpkg.com/koa-router/-/koa-router-5.4.2.tgz"
  "version" "5.4.2"
  dependencies:
    "co" "^4.6.0"
    "debug" "^2.2.0"
    "http-errors" "^1.3.1"
    "methods" "^1.0.1"
    "path-to-regexp" "^1.1.1"

"koa-send@^3.3.0":
  "resolved" "https://registry.yarnpkg.com/koa-send/-/koa-send-3.3.0.tgz"
  "version" "3.3.0"
  dependencies:
    "co" "^4.6.0"
    "debug" "^2.6.0"
    "mz" "^2.3.1"
    "resolve-path" "^1.3.1"

"koa-static@^2.0.0":
  "resolved" "https://registry.yarnpkg.com/koa-static/-/koa-static-2.1.0.tgz"
  "version" "2.1.0"
  dependencies:
    "debug" "^2.6.0"
    "koa-send" "^3.3.0"

"koa@^1.2.0":
  "integrity" "sha1-X79tkMZq4Si3hnyi5UjOh0NDbXY="
  "resolved" "https://registry.npmjs.org/koa/-/koa-1.4.0.tgz"
  "version" "1.4.0"
  dependencies:
    "accepts" "^1.2.2"
    "co" "^4.4.0"
    "composition" "^2.1.1"
    "content-disposition" "~0.5.0"
    "content-type" "^1.0.0"
    "cookies" "~0.7.0"
    "debug" "*"
    "delegates" "^1.0.0"
    "destroy" "^1.0.3"
    "error-inject" "~1.0.0"
    "escape-html" "~1.0.1"
    "fresh" "^0.3.0"
    "http-assert" "^1.1.0"
    "http-errors" "^1.2.8"
    "koa-compose" "^2.3.0"
    "koa-is-json" "^1.0.0"
    "mime-types" "^2.0.7"
    "on-finished" "^2.1.0"
    "only" "0.0.2"
    "parseurl" "^1.3.0"
    "statuses" "^1.2.0"
    "type-is" "^1.5.5"
    "vary" "^1.0.0"

"lodash.get@^4.4.2":
  "version" "4.4.2"

"lodash@^4.14.0":
  "resolved" "https://registry.yarnpkg.com/lodash/-/lodash-4.17.4.tgz"
  "version" "4.17.4"

"lodash@^4.17.15":
  "version" "4.17.20"

"lodash@^4.17.19":
  "version" "4.17.20"

"lodash@^4.17.4":

"lodash@2.x":
  "resolved" "https://registry.yarnpkg.com/lodash/-/lodash-2.4.2.tgz"
  "version" "2.4.2"

"lolex@^2.2.0":
  "version" "2.7.5"

"lolex@^5.0.1":
  "version" "5.1.2"
  dependencies:
    "@sinonjs/commons" "^1.7.0"

"media-typer@0.3.0":
  "resolved" "https://registry.yarnpkg.com/media-typer/-/media-typer-0.3.0.tgz"
  "version" "0.3.0"

"merge-descriptors@~1.0.0":
  "resolved" "https://registry.yarnpkg.com/merge-descriptors/-/merge-descriptors-1.0.1.tgz"
  "version" "1.0.1"

"methods@^1.0.1":
  "resolved" "https://registry.yarnpkg.com/methods/-/methods-1.1.2.tgz"
  "version" "1.1.2"

"mime-db@1.45.0":
  "version" "1.45.0"

"mime-types@^2.0.7", "mime-types@^2.1.12", "mime-types@~2.1.11", "mime-types@~2.1.15", "mime-types@~2.1.19":
  "version" "2.1.28"
  dependencies:
    "mime-db" "1.45.0"

"minimatch@^3.0.4", "minimatch@3.0.4":
  "resolved" "https://registry.yarnpkg.com/minimatch/-/minimatch-3.0.4.tgz"
  "version" "3.0.4"
  dependencies:
    "brace-expansion" "^1.1.7"

"minimist@^1.2.0":
  "resolved" "https://registry.yarnpkg.com/minimist/-/minimist-1.2.0.tgz"
  "version" "1.2.0"

"minimist@0.0.8":
  "resolved" "https://registry.yarnpkg.com/minimist/-/minimist-0.0.8.tgz"
  "version" "0.0.8"

"minipass@^2.6.0", "minipass@^2.8.6", "minipass@^2.9.0":
  "version" "2.9.0"
  dependencies:
    "safe-buffer" "^5.1.2"
    "yallist" "^3.0.0"

"minizlib@^1.2.1":
  "version" "1.3.3"
  dependencies:
    "minipass" "^2.9.0"

"mkdirp@^0.5.0", "mkdirp@^0.5.1", "mkdirp@0.5.1":
  "resolved" "https://registry.yarnpkg.com/mkdirp/-/mkdirp-0.5.1.tgz"
  "version" "0.5.1"
  dependencies:
    "minimist" "0.0.8"

"mocha@^5.0.0":
  "version" "5.2.0"
  dependencies:
    "browser-stdout" "1.3.1"
    "commander" "2.15.1"
    "debug" "3.1.0"
    "diff" "3.5.0"
    "escape-string-regexp" "1.0.5"
    "glob" "7.1.2"
    "growl" "1.10.5"
    "he" "1.1.1"
    "minimatch" "3.0.4"
    "mkdirp" "0.5.1"
    "supports-color" "5.4.0"

"module-not-found-error@^1.0.0":
  "resolved" "https://registry.yarnpkg.com/module-not-found-error/-/module-not-found-error-1.0.1.tgz"
  "version" "1.0.1"

"moment@^2.20.1":
  "version" "2.29.1"

"ms@^2.1.1":
  "version" "2.1.3"

"ms@2.0.0":
  "resolved" "https://registry.yarnpkg.com/ms/-/ms-2.0.0.tgz"
  "version" "2.0.0"

"mute-stream@~0.0.4":
  "resolved" "https://registry.yarnpkg.com/mute-stream/-/mute-stream-0.0.7.tgz"
  "version" "0.0.7"

"mz@^2.3.1":
  "resolved" "https://registry.yarnpkg.com/mz/-/mz-2.6.0.tgz"
  "version" "2.6.0"
  dependencies:
    "any-promise" "^1.0.0"
    "object-assign" "^4.0.1"
    "thenify-all" "^1.0.0"

"nan@^2.12.1", "nan@^2.5.0":
  "version" "2.14.2"

"needle@^2.2.1":
  "version" "2.6.0"
  dependencies:
    "debug" "^3.2.6"
    "iconv-lite" "^0.4.4"
    "sax" "^1.2.4"

"negotiator@0.6.1":
  "resolved" "https://registry.yarnpkg.com/negotiator/-/negotiator-0.6.1.tgz"
  "version" "0.6.1"

"nise@^1.2.0":
  "version" "1.5.3"
  dependencies:
    "@sinonjs/formatio" "^3.2.1"
    "@sinonjs/text-encoding" "^0.7.1"
    "just-extend" "^4.0.2"
    "lolex" "^5.0.1"
    "path-to-regexp" "^1.7.0"

"node-pre-gyp@^0.11.0":
  "version" "0.11.0"
  dependencies:
    "detect-libc" "^1.0.2"
    "mkdirp" "^0.5.1"
    "needle" "^2.2.1"
    "nopt" "^4.0.1"
    "npm-packlist" "^1.1.6"
    "npmlog" "^4.0.2"
    "rc" "^1.2.7"
    "rimraf" "^2.6.1"
    "semver" "^5.3.0"
    "tar" "^4"

"nodegit-promise@^4.0.0":
  "version" "4.0.0"
  dependencies:
    "asap" "~2.0.3"

"nopt@^4.0.1":
  "resolved" "https://registry.yarnpkg.com/nopt/-/nopt-4.0.1.tgz"
  "version" "4.0.1"
  dependencies:
    "abbrev" "1"
    "osenv" "^0.1.4"

"npm-bundled@^1.0.1":
  "version" "1.1.1"
  dependencies:
    "npm-normalize-package-bin" "^1.0.1"

"npm-normalize-package-bin@^1.0.1":
  "version" "1.0.1"

"npm-packlist@^1.1.6":
  "version" "1.4.8"
  dependencies:
    "ignore-walk" "^3.0.1"
    "npm-bundled" "^1.0.1"
    "npm-normalize-package-bin" "^1.0.1"

"npmlog@^4.0.2":
  "resolved" "https://registry.yarnpkg.com/npmlog/-/npmlog-4.1.2.tgz"
  "version" "4.1.2"
  dependencies:
    "are-we-there-yet" "~1.1.2"
    "console-control-strings" "~1.1.0"
    "gauge" "~2.7.3"
    "set-blocking" "~2.0.0"

"number-is-nan@^1.0.0":
  "resolved" "https://registry.yarnpkg.com/number-is-nan/-/number-is-nan-1.0.1.tgz"
  "version" "1.0.1"

"oauth-sign@~0.9.0":
  "version" "0.9.0"

"object-assign@^4.0.1", "object-assign@^4.1.0", "object-assign@^4.1.1":
  "resolved" "https://registry.yarnpkg.com/object-assign/-/object-assign-4.1.1.tgz"
  "version" "4.1.1"

"on-finished@^2.1.0":
  "resolved" "https://registry.yarnpkg.com/on-finished/-/on-finished-2.3.0.tgz"
  "version" "2.3.0"
  dependencies:
    "ee-first" "1.1.1"

"once@^1.3.0":
  "resolved" "https://registry.yarnpkg.com/once/-/once-1.4.0.tgz"
  "version" "1.4.0"
  dependencies:
    "wrappy" "1"

"only@0.0.2":
  "resolved" "https://registry.yarnpkg.com/only/-/only-0.0.2.tgz"
  "version" "0.0.2"

"opn@^4.0.2":
  "resolved" "https://registry.yarnpkg.com/opn/-/opn-4.0.2.tgz"
  "version" "4.0.2"
  dependencies:
    "object-assign" "^4.0.1"
    "pinkie-promise" "^2.0.0"

"os-homedir@^1.0.0":
  "resolved" "https://registry.yarnpkg.com/os-homedir/-/os-homedir-1.0.2.tgz"
  "version" "1.0.2"

"os-tmpdir@^1.0.0":
  "resolved" "https://registry.yarnpkg.com/os-tmpdir/-/os-tmpdir-1.0.2.tgz"
  "version" "1.0.2"

"osenv@^0.1.4":
  "resolved" "https://registry.yarnpkg.com/osenv/-/osenv-0.1.4.tgz"
  "version" "0.1.4"
  dependencies:
    "os-homedir" "^1.0.0"
    "os-tmpdir" "^1.0.0"

"parseurl@^1.3.0":
  "resolved" "https://registry.yarnpkg.com/parseurl/-/parseurl-1.3.1.tgz"
  "version" "1.3.1"

"passthrough-counter@^1.0.0":
  "resolved" "https://registry.yarnpkg.com/passthrough-counter/-/passthrough-counter-1.0.0.tgz"
  "version" "1.0.0"

"path-is-absolute@^1.0.0", "path-is-absolute@1.0.1":
  "resolved" "https://registry.yarnpkg.com/path-is-absolute/-/path-is-absolute-1.0.1.tgz"
  "version" "1.0.1"

"path-to-regexp@^1.1.1", "path-to-regexp@^1.7.0":
  "resolved" "https://registry.yarnpkg.com/path-to-regexp/-/path-to-regexp-1.7.0.tgz"
  "version" "1.7.0"
  dependencies:
    "isarray" "0.0.1"

"pathval@^1.1.0":
  "version" "1.1.0"

"performance-now@^2.1.0":
  "version" "2.1.0"

"pinkie-promise@^2.0.0":
  "resolved" "https://registry.yarnpkg.com/pinkie-promise/-/pinkie-promise-2.0.1.tgz"
  "version" "2.0.1"
  dependencies:
    "pinkie" "^2.0.0"

"pinkie@^2.0.0":
  "resolved" "https://registry.yarnpkg.com/pinkie/-/pinkie-2.0.4.tgz"
  "version" "2.0.4"

"process-nextick-args@~1.0.6":
  "resolved" "https://registry.yarnpkg.com/process-nextick-args/-/process-nextick-args-1.0.7.tgz"
  "version" "1.0.7"

"promisify-node@^0.5.0":
  "version" "0.5.0"
  dependencies:
    "nodegit-promise" "^4.0.0"
    "object-assign" "^4.1.1"

"prompt-lite@0.1.1":
  "resolved" "https://registry.yarnpkg.com/prompt-lite/-/prompt-lite-0.1.1.tgz"
  "version" "0.1.1"
  dependencies:
    "async" "~0.1.22"
    "colors" "0.6.x"
    "read" "1.0.x"
    "revalidator" "0.1.x"

"proxyquire@^1.7.10":
  "resolved" "https://registry.yarnpkg.com/proxyquire/-/proxyquire-1.8.0.tgz"
  "version" "1.8.0"
  dependencies:
    "fill-keys" "^1.0.2"
    "module-not-found-error" "^1.0.0"
    "resolve" "~1.1.7"

"psl@^1.1.28":
  "version" "1.8.0"

"punycode@^2.1.0", "punycode@^2.1.1":
  "version" "2.1.1"

"qs@^6.4.0", "qs@~6.5.2":
  "version" "6.5.2"

"raw-body@^2.2.0":
  "resolved" "https://registry.yarnpkg.com/raw-body/-/raw-body-2.3.0.tgz"
  "version" "2.3.0"
  dependencies:
    "bytes" "2.5.0"
    "http-errors" "1.6.1"
    "iconv-lite" "0.4.18"
    "unpipe" "1.0.0"

"rc@^1.2.7":
  "version" "1.2.8"
  dependencies:
    "deep-extend" "^0.6.0"
    "ini" "~1.3.0"
    "minimist" "^1.2.0"
    "strip-json-comments" "~2.0.1"

"read@1.0.x":
  "resolved" "https://registry.yarnpkg.com/read/-/read-1.0.7.tgz"
  "version" "1.0.7"
  dependencies:
    "mute-stream" "~0.0.4"

"readable-stream@^2.0.6":
  "resolved" "https://registry.yarnpkg.com/readable-stream/-/readable-stream-2.3.3.tgz"
  "version" "2.3.3"
  dependencies:
    "core-util-is" "~1.0.0"
    "inherits" "~2.0.3"
    "isarray" "~1.0.0"
    "process-nextick-args" "~1.0.6"
    "safe-buffer" "~5.1.1"
    "string_decoder" "~1.0.3"
    "util-deprecate" "~1.0.1"

"relieve@^2.1.3":
  "resolved" "https://registry.yarnpkg.com/relieve/-/relieve-2.2.1.tgz"
  "version" "2.2.1"
  dependencies:
    "bluebird" "^3.4.0"
    "debug" "^2.2.0"
    "eventemitter2" "^2.0.0"
    "ipcee" "^1.0.6"
    "uuid" "^2.0.2"

"request-promise-core@1.1.4":
  "version" "1.1.4"
  dependencies:
    "lodash" "^4.17.19"

"request-promise@^4.2.0", "request-promise@^4.2.2":
  "version" "4.2.6"
  dependencies:
    "bluebird" "^3.5.0"
    "request-promise-core" "1.1.4"
    "stealthy-require" "^1.1.1"
    "tough-cookie" "^2.3.3"

"request@^2.34", "request@^2.67.0", "request@^2.83.0":
  "version" "2.88.2"
  dependencies:
    "aws-sign2" "~0.7.0"
    "aws4" "^1.8.0"
    "caseless" "~0.12.0"
    "combined-stream" "~1.0.6"
    "extend" "~3.0.2"
    "forever-agent" "~0.6.1"
    "form-data" "~2.3.2"
    "har-validator" "~5.1.3"
    "http-signature" "~1.2.0"
    "is-typedarray" "~1.0.0"
    "isstream" "~0.1.2"
    "json-stringify-safe" "~5.0.1"
    "mime-types" "~2.1.19"
    "oauth-sign" "~0.9.0"
    "performance-now" "^2.1.0"
    "qs" "~6.5.2"
    "safe-buffer" "^5.1.2"
    "tough-cookie" "~2.5.0"
    "tunnel-agent" "^0.6.0"
    "uuid" "^3.3.2"

"resolve-path@^1.3.1":
  "resolved" "https://registry.yarnpkg.com/resolve-path/-/resolve-path-1.3.3.tgz"
  "version" "1.3.3"
  dependencies:
    "http-errors" "~1.5.0"
    "path-is-absolute" "1.0.1"

"resolve@~1.1.7":
  "resolved" "https://registry.yarnpkg.com/resolve/-/resolve-1.1.7.tgz"
  "version" "1.1.7"

"retry@^0.10.1":
  "resolved" "https://registry.yarnpkg.com/retry/-/retry-0.10.1.tgz"
  "version" "0.10.1"

"revalidator@0.1.x":
  "resolved" "https://registry.yarnpkg.com/revalidator/-/revalidator-0.1.8.tgz"
  "version" "0.1.8"

"rimraf@^2.6.1":
  "resolved" "https://registry.yarnpkg.com/rimraf/-/rimraf-2.6.1.tgz"
  "version" "2.6.1"
  dependencies:
    "glob" "^7.0.5"

"safe-buffer@^5.0.1", "safe-buffer@^5.1.2":
  "version" "5.2.1"

"safe-buffer@~5.1.0":
  "resolved" "https://registry.yarnpkg.com/safe-buffer/-/safe-buffer-5.1.1.tgz"
  "version" "5.1.1"

"safe-buffer@~5.1.1":
  "resolved" "https://registry.yarnpkg.com/safe-buffer/-/safe-buffer-5.1.1.tgz"
  "version" "5.1.1"

"samsam@1.3.0":
  "version" "1.3.0"

"sax@^1.2.4":
  "version" "1.2.4"

"semver@^5.3.0", "semver@5.4.1":
  "resolved" "https://registry.yarnpkg.com/semver/-/semver-5.4.1.tgz"
  "version" "5.4.1"

"set-blocking@~2.0.0":
  "resolved" "https://registry.yarnpkg.com/set-blocking/-/set-blocking-2.0.0.tgz"
  "version" "2.0.0"

"setprototypeof@1.0.2":
  "resolved" "https://registry.yarnpkg.com/setprototypeof/-/setprototypeof-1.0.2.tgz"
  "version" "1.0.2"

"setprototypeof@1.0.3":
  "resolved" "https://registry.yarnpkg.com/setprototypeof/-/setprototypeof-1.0.3.tgz"
  "version" "1.0.3"

"signal-exit@^3.0.0":
  "resolved" "https://registry.yarnpkg.com/signal-exit/-/signal-exit-3.0.2.tgz"
  "version" "3.0.2"

"sinon@^4.2.0":
  "version" "4.5.0"
  dependencies:
    "@sinonjs/formatio" "^2.0.0"
    "diff" "^3.1.0"
    "lodash.get" "^4.4.2"
    "lolex" "^2.2.0"
    "nise" "^1.2.0"
    "supports-color" "^5.1.0"
    "type-detect" "^4.0.5"

"sqlite3@^4.0.6":
  "version" "4.2.0"
  dependencies:
    "nan" "^2.12.1"
    "node-pre-gyp" "^0.11.0"

"sshpk@^1.7.0":
  "resolved" "https://registry.yarnpkg.com/sshpk/-/sshpk-1.13.1.tgz"
  "version" "1.13.1"
  dependencies:
    "asn1" "~0.2.3"
    "assert-plus" "^1.0.0"
    "bcrypt-pbkdf" "^1.0.0"
    "dashdash" "^1.12.0"
    "ecc-jsbn" "~0.1.1"
    "getpass" "^0.1.1"
    "jsbn" "~0.1.0"
    "tweetnacl" "~0.14.0"
  optionalDependencies:
    "bcrypt-pbkdf" "^1.0.0"
    "ecc-jsbn" "~0.1.1"
    "jsbn" "~0.1.0"
    "tweetnacl" "~0.14.0"

"stats-lite@^2.0.4":
  "resolved" "https://registry.yarnpkg.com/stats-lite/-/stats-lite-2.1.0.tgz"
  "version" "2.1.0"
  dependencies:
    "isnumber" "~1.0.0"

"statuses@^1.2.0", "statuses@>= 1.3.1 < 2":
  "resolved" "https://registry.yarnpkg.com/statuses/-/statuses-1.3.1.tgz"
  "version" "1.3.1"

"stealthy-require@^1.1.1":
  "version" "1.1.1"

"string_decoder@~1.0.3":
  "resolved" "https://registry.yarnpkg.com/string_decoder/-/string_decoder-1.0.3.tgz"
  "version" "1.0.3"
  dependencies:
    "safe-buffer" "~5.1.0"

"string-width@^1.0.1", "string-width@^1.0.2":
  "resolved" "https://registry.yarnpkg.com/string-width/-/string-width-1.0.2.tgz"
  "version" "1.0.2"
  dependencies:
    "code-point-at" "^1.0.0"
    "is-fullwidth-code-point" "^1.0.0"
    "strip-ansi" "^3.0.0"

"strip-ansi@^3.0.0", "strip-ansi@^3.0.1":
  "resolved" "https://registry.yarnpkg.com/strip-ansi/-/strip-ansi-3.0.1.tgz"
  "version" "3.0.1"
  dependencies:
    "ansi-regex" "^2.0.0"

"strip-json-comments@~2.0.1":
  "resolved" "https://registry.yarnpkg.com/strip-json-comments/-/strip-json-comments-2.0.1.tgz"
  "version" "2.0.1"

"supports-color@^2.0.0":
  "resolved" "https://registry.yarnpkg.com/supports-color/-/supports-color-2.0.0.tgz"
  "version" "2.0.0"

"supports-color@^5.1.0":
  "version" "5.5.0"
  dependencies:
    "has-flag" "^3.0.0"

"supports-color@5.4.0":
  "version" "5.4.0"
  dependencies:
    "has-flag" "^3.0.0"

"talib@^1.0.3":
  "resolved" "https://registry.yarnpkg.com/talib/-/talib-1.0.3.tgz"
  "version" "1.0.3"
  dependencies:
    "nan" "^2.5.0"

"tar@^4":
  "version" "4.4.13"
  dependencies:
    "chownr" "^1.1.1"
    "fs-minipass" "^1.2.5"
    "minipass" "^2.8.6"
    "minizlib" "^1.2.1"
    "mkdirp" "^0.5.0"
    "safe-buffer" "^5.1.2"
    "yallist" "^3.0.3"

"thenify-all@^1.0.0":
  "resolved" "https://registry.yarnpkg.com/thenify-all/-/thenify-all-1.6.0.tgz"
  "version" "1.6.0"
  dependencies:
    "thenify" ">= 3.1.0 < 4"

"thenify@>= 3.1.0 < 4":
  "resolved" "https://registry.yarnpkg.com/thenify/-/thenify-3.3.0.tgz"
  "version" "3.3.0"
  dependencies:
    "any-promise" "^1.0.0"

"thunkify@0.0.1":
  "resolved" "https://registry.yarnpkg.com/thunkify/-/thunkify-0.0.1.tgz"
  "version" "0.0.1"

"tiny-promisify@^0.1.1":
  "resolved" "https://registry.yarnpkg.com/tiny-promisify/-/tiny-promisify-0.1.1.tgz"
  "version" "0.1.1"

"toml@^2.3.0":
  "resolved" "https://registry.yarnpkg.com/toml/-/toml-2.3.2.tgz"
  "version" "2.3.2"

"tough-cookie@^2.3.3", "tough-cookie@~2.5.0":
  "version" "2.5.0"
  dependencies:
    "psl" "^1.1.28"
    "punycode" "^2.1.1"

"tunnel-agent@^0.6.0":
  "resolved" "https://registry.yarnpkg.com/tunnel-agent/-/tunnel-agent-0.6.0.tgz"
  "version" "0.6.0"
  dependencies:
    "safe-buffer" "^5.0.1"

"tweetnacl@^0.14.3", "tweetnacl@~0.14.0":
  "resolved" "https://registry.yarnpkg.com/tweetnacl/-/tweetnacl-0.14.5.tgz"
  "version" "0.14.5"

"type-detect@^4.0.0", "type-detect@^4.0.5", "type-detect@4.0.8":
  "version" "4.0.8"

"type-is@^1.5.5", "type-is@^1.6.14":
  "resolved" "https://registry.yarnpkg.com/type-is/-/type-is-1.6.15.tgz"
  "version" "1.6.15"
  dependencies:
    "media-typer" "0.3.0"
    "mime-types" "~2.1.15"

"ultron@~1.1.0":
  "version" "1.1.1"

"unpipe@1.0.0":
  "resolved" "https://registry.yarnpkg.com/unpipe/-/unpipe-1.0.0.tgz"
  "version" "1.0.0"

"uri-js@^4.2.2":
  "version" "4.4.1"
  dependencies:
    "punycode" "^2.1.0"

"util-deprecate@~1.0.1":
  "resolved" "https://registry.yarnpkg.com/util-deprecate/-/util-deprecate-1.0.2.tgz"
  "version" "1.0.2"

"uuid@^2.0.2":
  "resolved" "https://registry.yarnpkg.com/uuid/-/uuid-2.0.3.tgz"
  "version" "2.0.3"

"uuid@^3.3.2":

"vary@^1.0.0":
  "resolved" "https://registry.yarnpkg.com/vary/-/vary-1.1.1.tgz"
  "version" "1.1.1"

"verror@1.10.0":
  "resolved" "https://registry.yarnpkg.com/verror/-/verror-1.10.0.tgz"
  "version" "1.10.0"
  dependencies:
    "assert-plus" "^1.0.0"
    "core-util-is" "1.0.2"
    "extsprintf" "^1.2.0"

"wide-align@^1.1.0":
  "resolved" "https://registry.yarnpkg.com/wide-align/-/wide-align-1.1.2.tgz"
  "version" "1.1.2"
  dependencies:
    "string-width" "^1.0.2"

"wrappy@1":
  "resolved" "https://registry.yarnpkg.com/wrappy/-/wrappy-1.0.2.tgz"
  "version" "1.0.2"

"ws@^3.0.0":
  "version" "3.3.3"
  dependencies:
    "async-limiter" "~1.0.0"
    "safe-buffer" "~5.1.0"
    "ultron" "~1.1.0"

"ws@^6.0.0":
  "version" "6.2.1"
  dependencies:
    "async-limiter" "~1.0.0"

"yallist@^3.0.0", "yallist@^3.0.3":
  "version" "3.1.1"
